
Microsoft Visual Studio Solution File, Format Version 12.00
# Visual Studio Version 17
VisualStudioVersion = 17.0.31903.59
MinimumVisualStudioVersion = 10.0.40219.1
Project("{2150E333-8FDC-42A3-9474-1A3956D46DE8}") = "Solution Items", "Solution Items", "{A21FDD6B-6251-4572-9568-35431CDC344E}"
	ProjectSection(SolutionItems) = preProject
		README.md = README.md
	EndProjectSection
EndProject
Project("{9A19103F-16F7-4668-BE54-9A1E7A4F7556}") = "Bugporter.API", "Bugporter.API\Bugporter.API.csproj", "{A522BD5C-75EB-4A30-98B6-D21C891DFA53}"
EndProject
Project("{9A19103F-16F7-4668-BE54-9A1E7A4F7556}") = "Bugporter.Client", "Bugporter.Client\Bugporter.Client.csproj", "{74B752E7-71FF-4F98-A2DF-75B2E588352A}"
EndProject
Global
	GlobalSection(SolutionConfigurationPlatforms) = preSolution
		Debug|Any CPU = Debug|Any CPU
		Debug|x64 = Debug|x64
		Debug|x86 = Debug|x86
		Release|Any CPU = Release|Any CPU
		Release|x64 = Release|x64
		Release|x86 = Release|x86
	EndGlobalSection
	GlobalSection(ProjectConfigurationPlatforms) = postSolution
		{A522BD5C-75EB-4A30-98B6-D21C891DFA53}.Debug|Any CPU.ActiveCfg = Debug|Any CPU
		{A522BD5C-75EB-4A30-98B6-D21C891DFA53}.Debug|Any CPU.Build.0 = Debug|Any CPU
		{A522BD5C-75EB-4A30-98B6-D21C891DFA53}.Debug|x64.ActiveCfg = Debug|Any CPU
		{A522BD5C-75EB-4A30-98B6-D21C891DFA53}.Debug|x64.Build.0 = Debug|Any CPU
		{A522BD5C-75EB-4A30-98B6-D21C891DFA53}.Debug|x86.ActiveCfg = Debug|Any CPU
		{A522BD5C-75EB-4A30-98B6-D21C891DFA53}.Debug|x86.Build.0 = Debug|Any CPU
		{A522BD5C-75EB-4A30-98B6-D21C891DFA53}.Release|Any CPU.ActiveCfg = Release|Any CPU
		{A522BD5C-75EB-4A30-98B6-D21C891DFA53}.Release|Any CPU.Build.0 = Release|Any CPU
		{A522BD5C-75EB-4A30-98B6-D21C891DFA53}.Release|x64.ActiveCfg = Release|Any CPU
		{A522BD5C-75EB-4A30-98B6-D21C891DFA53}.Release|x64.Build.0 = Release|Any CPU
		{A522BD5C-75EB-4A30-98B6-D21C891DFA53}.Release|x86.ActiveCfg = Release|Any CPU
		{A522BD5C-75EB-4A30-98B6-D21C891DFA53}.Release|x86.Build.0 = Release|Any CPU
		{74B752E7-71FF-4F98-A2DF-75B2E588352A}.Debug|Any CPU.ActiveCfg = Debug|Any CPU
		{74B752E7-71FF-4F98-A2DF-75B2E588352A}.Debug|Any CPU.Build.0 = Debug|Any CPU
		{74B752E7-71FF-4F98-A2DF-75B2E588352A}.Debug|Any CPU.Deploy.0 = Debug|Any CPU
		{74B752E7-71FF-4F98-A2DF-75B2E588352A}.Debug|x64.ActiveCfg = Debug|Any CPU
		{74B752E7-71FF-4F98-A2DF-75B2E588352A}.Debug|x64.Build.0 = Debug|Any CPU
		{74B752E7-71FF-4F98-A2DF-75B2E588352A}.Debug|x64.Deploy.0 = Debug|Any CPU
		{74B752E7-71FF-4F98-A2DF-75B2E588352A}.Debug|x86.ActiveCfg = Debug|Any CPU
		{74B752E7-71FF-4F98-A2DF-75B2E588352A}.Debug|x86.Build.0 = Debug|Any CPU
		{74B752E7-71FF-4F98-A2DF-75B2E588352A}.Debug|x86.Deploy.0 = Debug|Any CPU
		{74B752E7-71FF-4F98-A2DF-75B2E588352A}.Release|Any CPU.ActiveCfg = Release|Any CPU
		{74B752E7-71FF-4F98-A2DF-75B2E588352A}.Release|Any CPU.Build.0 = Release|Any CPU
		{74B752E7-71FF-4F98-A2DF-75B2E588352A}.Release|Any CPU.Deploy.0 = Release|Any CPU
		{74B752E7-71FF-4F98-A2DF-75B2E588352A}.Release|x64.ActiveCfg = Release|x64
		{74B752E7-71FF-4F98-A2DF-75B2E588352A}.Release|x64.Build.0 = Release|x64
		{74B752E7-71FF-4F98-A2DF-75B2E588352A}.Release|x64.Deploy.0 = Release|x64
		{74B752E7-71FF-4F98-A2DF-75B2E588352A}.Release|x86.ActiveCfg = Release|x86
		{74B752E7-71FF-4F98-A2DF-75B2E588352A}.Release|x86.Build.0 = Release|x86
		{74B752E7-71FF-4F98-A2DF-75B2E588352A}.Release|x86.Deploy.0 = Release|x86
	EndGlobalSection
	GlobalSection(SolutionProperties) = preSolution
		HideSolutionNode = FALSE
	EndGlobalSection
	GlobalSection(ExtensibilityGlobals) = postSolution
		SolutionGuid = {C27259F2-8559-431E-ACCA-0CF1AC03ED24}
	EndGlobalSection
EndGlobal
